
Microsoft Visual Studio Solution File, Format Version 12.00
# Visual Studio 2013
VisualStudioVersion = 12.0.31101.0
MinimumVisualStudioVersion = 10.0.40219.1
Project("{FAE04EC0-301F-11D3-BF4B-00C04F79EFBC}") = "Axh.Wedding.Application", "Axh.Wedding.Application\Axh.Wedding.Application.csproj", "{BC8A74E1-2663-4958-BF97-7DC85AD2C391}"
EndProject
Project("{FAE04EC0-301F-11D3-BF4B-00C04F79EFBC}") = "Axh.Wedding.Mvc", "Axh.Wedding.Mvc\Axh.Wedding.Mvc.csproj", "{3F6AA85A-BB2D-44B1-914C-54C87B345020}"
EndProject
Project("{FAE04EC0-301F-11D3-BF4B-00C04F79EFBC}") = "Axh.Wedding.DependencyInjection", "Axh.Wedding.DependencyInjection\Axh.Wedding.DependencyInjection.csproj", "{CB2D6608-9033-4419-A633-1A173131FEE5}"
EndProject
Project("{FAE04EC0-301F-11D3-BF4B-00C04F79EFBC}") = "Axh.Wedding.Application.Contracts", "Axh.Wedding.Application.Contracts\Axh.Wedding.Application.Contracts.csproj", "{AAD1C83A-9371-40C7-808A-5E53FE3DB584}"
EndProject
Project("{FAE04EC0-301F-11D3-BF4B-00C04F79EFBC}") = "Axh.Wedding.Application.ViewModels", "Axh.Wedding.Application.ViewModels\Axh.Wedding.Application.ViewModels.csproj", "{277067D4-C8D4-485F-A746-EFDE9B5A0996}"
EndProject
Project("{FAE04EC0-301F-11D3-BF4B-00C04F79EFBC}") = "Axh.Wedding.Application.Resources", "Axh.Wedding.Application.Resources\Axh.Wedding.Application.Resources.csproj", "{6E6E922A-2FA6-45E1-8C51-DBF6C7B86D67}"
EndProject
Project("{FAE04EC0-301F-11D3-BF4B-00C04F79EFBC}") = "Axh.Core.DomainModels", "Axh.Core.DomainModels\Axh.Core.DomainModels.csproj", "{83CD54FB-3EB0-4631-810D-7064905034EB}"
EndProject
Project("{FAE04EC0-301F-11D3-BF4B-00C04F79EFBC}") = "Axh.Core.DbContexts.WeddingContext", "Axh.Core.DbContexts.WeddingContext\Axh.Core.DbContexts.WeddingContext.csproj", "{F09F9216-0B96-474A-AFB0-221163DAD55B}"
EndProject
Project("{FAE04EC0-301F-11D3-BF4B-00C04F79EFBC}") = "Axh.Core.Repositories.Wedding", "Axh.Core.Repositories.Wedding\Axh.Core.Repositories.Wedding.csproj", "{5C4CC1CD-45D5-4FA0-BA99-4A1331761202}"
EndProject
Project("{2150E333-8FDC-42A3-9474-1A3956D46DE8}") = "Core", "Core", "{C4269FEF-BC98-4195-A7FF-8BC9E9FC3D66}"
EndProject
Project("{FAE04EC0-301F-11D3-BF4B-00C04F79EFBC}") = "Axh.Core.DbContexts.Common", "Axh.Core.DbContexts.Common\Axh.Core.DbContexts.Common.csproj", "{B93CA6D3-799E-4127-BABF-B9EE97C6AE23}"
EndProject
Project("{FAE04EC0-301F-11D3-BF4B-00C04F79EFBC}") = "Axh.Core.DbContexts.Contracts", "Axh.Core.DbContexts.Contracts\Axh.Core.DbContexts.Contracts.csproj", "{106458AD-4387-4401-8B24-F1C143F532E1}"
EndProject
Project("{FAE04EC0-301F-11D3-BF4B-00C04F79EFBC}") = "Axh.Core.Services.Logging.Contracts", "Axh.Core.Services.Logging.Contracts\Axh.Core.Services.Logging.Contracts.csproj", "{BDAD9055-8215-43C5-9238-FA6630C6EC46}"
EndProject
Project("{FAE04EC0-301F-11D3-BF4B-00C04F79EFBC}") = "Axh.Core.Services.Logging", "Axh.Core.Services.Logging\Axh.Core.Services.Logging.csproj", "{F7561297-4871-4598-9BA1-43AFAFEF3811}"
EndProject
Project("{2150E333-8FDC-42A3-9474-1A3956D46DE8}") = "Services", "Services", "{D04F8F52-6F85-4B69-ACCE-0F4068918F3C}"
EndProject
Project("{2150E333-8FDC-42A3-9474-1A3956D46DE8}") = "DbContexts", "DbContexts", "{CE36D8F0-6D42-46ED-A855-AE051A76EBD1}"
EndProject
Project("{2150E333-8FDC-42A3-9474-1A3956D46DE8}") = "Repositories", "Repositories", "{1C704C1C-0F1A-4FE9-B4A0-43DE2B538B1B}"
EndProject
Project("{FAE04EC0-301F-11D3-BF4B-00C04F79EFBC}") = "Axh.Core.Repositories.Wedding.Contracts", "Axh.Core.Repositories.Wedding.Contracts\Axh.Core.Repositories.Wedding.Contracts.csproj", "{13F50F1D-CC17-4004-998D-5E9D21ED351A}"
EndProject
Project("{FAE04EC0-301F-11D3-BF4B-00C04F79EFBC}") = "Axh.Core.Services.User", "Axh.Core.Services.User\Axh.Core.Services.User.csproj", "{9CA9C701-DB5A-4528-A063-83012360EFF1}"
EndProject
Project("{FAE04EC0-301F-11D3-BF4B-00C04F79EFBC}") = "Axh.Core.Services.User.Contracts", "Axh.Core.Services.User.Contracts\Axh.Core.Services.User.Contracts.csproj", "{6548B828-7239-4065-8EAC-7D5223F7801D}"
EndProject
Project("{FAE04EC0-301F-11D3-BF4B-00C04F79EFBC}") = "Axh.Core.Repositories.Common", "Axh.Core.Repositories.Common\Axh.Core.Repositories.Common.csproj", "{366C825E-66D3-4F54-AA93-CD619A407271}"
EndProject
Global
	GlobalSection(SolutionConfigurationPlatforms) = preSolution
		Debug|Any CPU = Debug|Any CPU
		Release|Any CPU = Release|Any CPU
	EndGlobalSection
	GlobalSection(ProjectConfigurationPlatforms) = postSolution
		{BC8A74E1-2663-4958-BF97-7DC85AD2C391}.Debug|Any CPU.ActiveCfg = Debug|Any CPU
		{BC8A74E1-2663-4958-BF97-7DC85AD2C391}.Debug|Any CPU.Build.0 = Debug|Any CPU
		{BC8A74E1-2663-4958-BF97-7DC85AD2C391}.Release|Any CPU.ActiveCfg = Release|Any CPU
		{BC8A74E1-2663-4958-BF97-7DC85AD2C391}.Release|Any CPU.Build.0 = Release|Any CPU
		{3F6AA85A-BB2D-44B1-914C-54C87B345020}.Debug|Any CPU.ActiveCfg = Debug|Any CPU
		{3F6AA85A-BB2D-44B1-914C-54C87B345020}.Debug|Any CPU.Build.0 = Debug|Any CPU
		{3F6AA85A-BB2D-44B1-914C-54C87B345020}.Release|Any CPU.ActiveCfg = Release|Any CPU
		{3F6AA85A-BB2D-44B1-914C-54C87B345020}.Release|Any CPU.Build.0 = Release|Any CPU
		{CB2D6608-9033-4419-A633-1A173131FEE5}.Debug|Any CPU.ActiveCfg = Debug|Any CPU
		{CB2D6608-9033-4419-A633-1A173131FEE5}.Debug|Any CPU.Build.0 = Debug|Any CPU
		{CB2D6608-9033-4419-A633-1A173131FEE5}.Release|Any CPU.ActiveCfg = Release|Any CPU
		{CB2D6608-9033-4419-A633-1A173131FEE5}.Release|Any CPU.Build.0 = Release|Any CPU
		{AAD1C83A-9371-40C7-808A-5E53FE3DB584}.Debug|Any CPU.ActiveCfg = Debug|Any CPU
		{AAD1C83A-9371-40C7-808A-5E53FE3DB584}.Debug|Any CPU.Build.0 = Debug|Any CPU
		{AAD1C83A-9371-40C7-808A-5E53FE3DB584}.Release|Any CPU.ActiveCfg = Release|Any CPU
		{AAD1C83A-9371-40C7-808A-5E53FE3DB584}.Release|Any CPU.Build.0 = Release|Any CPU
		{277067D4-C8D4-485F-A746-EFDE9B5A0996}.Debug|Any CPU.ActiveCfg = Debug|Any CPU
		{277067D4-C8D4-485F-A746-EFDE9B5A0996}.Debug|Any CPU.Build.0 = Debug|Any CPU
		{277067D4-C8D4-485F-A746-EFDE9B5A0996}.Release|Any CPU.ActiveCfg = Release|Any CPU
		{277067D4-C8D4-485F-A746-EFDE9B5A0996}.Release|Any CPU.Build.0 = Release|Any CPU
		{6E6E922A-2FA6-45E1-8C51-DBF6C7B86D67}.Debug|Any CPU.ActiveCfg = Debug|Any CPU
		{6E6E922A-2FA6-45E1-8C51-DBF6C7B86D67}.Debug|Any CPU.Build.0 = Debug|Any CPU
		{6E6E922A-2FA6-45E1-8C51-DBF6C7B86D67}.Release|Any CPU.ActiveCfg = Release|Any CPU
		{6E6E922A-2FA6-45E1-8C51-DBF6C7B86D67}.Release|Any CPU.Build.0 = Release|Any CPU
		{83CD54FB-3EB0-4631-810D-7064905034EB}.Debug|Any CPU.ActiveCfg = Debug|Any CPU
		{83CD54FB-3EB0-4631-810D-7064905034EB}.Debug|Any CPU.Build.0 = Debug|Any CPU
		{83CD54FB-3EB0-4631-810D-7064905034EB}.Release|Any CPU.ActiveCfg = Release|Any CPU
		{83CD54FB-3EB0-4631-810D-7064905034EB}.Release|Any CPU.Build.0 = Release|Any CPU
		{F09F9216-0B96-474A-AFB0-221163DAD55B}.Debug|Any CPU.ActiveCfg = Debug|Any CPU
		{F09F9216-0B96-474A-AFB0-221163DAD55B}.Debug|Any CPU.Build.0 = Debug|Any CPU
		{F09F9216-0B96-474A-AFB0-221163DAD55B}.Release|Any CPU.ActiveCfg = Release|Any CPU
		{F09F9216-0B96-474A-AFB0-221163DAD55B}.Release|Any CPU.Build.0 = Release|Any CPU
		{5C4CC1CD-45D5-4FA0-BA99-4A1331761202}.Debug|Any CPU.ActiveCfg = Debug|Any CPU
		{5C4CC1CD-45D5-4FA0-BA99-4A1331761202}.Debug|Any CPU.Build.0 = Debug|Any CPU
		{5C4CC1CD-45D5-4FA0-BA99-4A1331761202}.Release|Any CPU.ActiveCfg = Release|Any CPU
		{5C4CC1CD-45D5-4FA0-BA99-4A1331761202}.Release|Any CPU.Build.0 = Release|Any CPU
		{B93CA6D3-799E-4127-BABF-B9EE97C6AE23}.Debug|Any CPU.ActiveCfg = Debug|Any CPU
		{B93CA6D3-799E-4127-BABF-B9EE97C6AE23}.Debug|Any CPU.Build.0 = Debug|Any CPU
		{B93CA6D3-799E-4127-BABF-B9EE97C6AE23}.Release|Any CPU.ActiveCfg = Release|Any CPU
		{B93CA6D3-799E-4127-BABF-B9EE97C6AE23}.Release|Any CPU.Build.0 = Release|Any CPU
		{106458AD-4387-4401-8B24-F1C143F532E1}.Debug|Any CPU.ActiveCfg = Debug|Any CPU
		{106458AD-4387-4401-8B24-F1C143F532E1}.Debug|Any CPU.Build.0 = Debug|Any CPU
		{106458AD-4387-4401-8B24-F1C143F532E1}.Release|Any CPU.ActiveCfg = Release|Any CPU
		{106458AD-4387-4401-8B24-F1C143F532E1}.Release|Any CPU.Build.0 = Release|Any CPU
		{BDAD9055-8215-43C5-9238-FA6630C6EC46}.Debug|Any CPU.ActiveCfg = Debug|Any CPU
		{BDAD9055-8215-43C5-9238-FA6630C6EC46}.Debug|Any CPU.Build.0 = Debug|Any CPU
		{BDAD9055-8215-43C5-9238-FA6630C6EC46}.Release|Any CPU.ActiveCfg = Release|Any CPU
		{BDAD9055-8215-43C5-9238-FA6630C6EC46}.Release|Any CPU.Build.0 = Release|Any CPU
		{F7561297-4871-4598-9BA1-43AFAFEF3811}.Debug|Any CPU.ActiveCfg = Debug|Any CPU
		{F7561297-4871-4598-9BA1-43AFAFEF3811}.Debug|Any CPU.Build.0 = Debug|Any CPU
		{F7561297-4871-4598-9BA1-43AFAFEF3811}.Release|Any CPU.ActiveCfg = Release|Any CPU
		{F7561297-4871-4598-9BA1-43AFAFEF3811}.Release|Any CPU.Build.0 = Release|Any CPU
		{13F50F1D-CC17-4004-998D-5E9D21ED351A}.Debug|Any CPU.ActiveCfg = Debug|Any CPU
		{13F50F1D-CC17-4004-998D-5E9D21ED351A}.Debug|Any CPU.Build.0 = Debug|Any CPU
		{13F50F1D-CC17-4004-998D-5E9D21ED351A}.Release|Any CPU.ActiveCfg = Release|Any CPU
		{13F50F1D-CC17-4004-998D-5E9D21ED351A}.Release|Any CPU.Build.0 = Release|Any CPU
		{9CA9C701-DB5A-4528-A063-83012360EFF1}.Debug|Any CPU.ActiveCfg = Debug|Any CPU
		{9CA9C701-DB5A-4528-A063-83012360EFF1}.Debug|Any CPU.Build.0 = Debug|Any CPU
		{9CA9C701-DB5A-4528-A063-83012360EFF1}.Release|Any CPU.ActiveCfg = Release|Any CPU
		{9CA9C701-DB5A-4528-A063-83012360EFF1}.Release|Any CPU.Build.0 = Release|Any CPU
		{6548B828-7239-4065-8EAC-7D5223F7801D}.Debug|Any CPU.ActiveCfg = Debug|Any CPU
		{6548B828-7239-4065-8EAC-7D5223F7801D}.Debug|Any CPU.Build.0 = Debug|Any CPU
		{6548B828-7239-4065-8EAC-7D5223F7801D}.Release|Any CPU.ActiveCfg = Release|Any CPU
		{6548B828-7239-4065-8EAC-7D5223F7801D}.Release|Any CPU.Build.0 = Release|Any CPU
		{366C825E-66D3-4F54-AA93-CD619A407271}.Debug|Any CPU.ActiveCfg = Debug|Any CPU
		{366C825E-66D3-4F54-AA93-CD619A407271}.Debug|Any CPU.Build.0 = Debug|Any CPU
		{366C825E-66D3-4F54-AA93-CD619A407271}.Release|Any CPU.ActiveCfg = Release|Any CPU
		{366C825E-66D3-4F54-AA93-CD619A407271}.Release|Any CPU.Build.0 = Release|Any CPU
	EndGlobalSection
	GlobalSection(SolutionProperties) = preSolution
		HideSolutionNode = FALSE
	EndGlobalSection
	GlobalSection(NestedProjects) = preSolution
		{83CD54FB-3EB0-4631-810D-7064905034EB} = {C4269FEF-BC98-4195-A7FF-8BC9E9FC3D66}
		{F09F9216-0B96-474A-AFB0-221163DAD55B} = {CE36D8F0-6D42-46ED-A855-AE051A76EBD1}
		{5C4CC1CD-45D5-4FA0-BA99-4A1331761202} = {1C704C1C-0F1A-4FE9-B4A0-43DE2B538B1B}
		{B93CA6D3-799E-4127-BABF-B9EE97C6AE23} = {CE36D8F0-6D42-46ED-A855-AE051A76EBD1}
		{106458AD-4387-4401-8B24-F1C143F532E1} = {CE36D8F0-6D42-46ED-A855-AE051A76EBD1}
		{BDAD9055-8215-43C5-9238-FA6630C6EC46} = {D04F8F52-6F85-4B69-ACCE-0F4068918F3C}
		{F7561297-4871-4598-9BA1-43AFAFEF3811} = {D04F8F52-6F85-4B69-ACCE-0F4068918F3C}
		{D04F8F52-6F85-4B69-ACCE-0F4068918F3C} = {C4269FEF-BC98-4195-A7FF-8BC9E9FC3D66}
		{CE36D8F0-6D42-46ED-A855-AE051A76EBD1} = {C4269FEF-BC98-4195-A7FF-8BC9E9FC3D66}
		{1C704C1C-0F1A-4FE9-B4A0-43DE2B538B1B} = {C4269FEF-BC98-4195-A7FF-8BC9E9FC3D66}
		{13F50F1D-CC17-4004-998D-5E9D21ED351A} = {1C704C1C-0F1A-4FE9-B4A0-43DE2B538B1B}
		{9CA9C701-DB5A-4528-A063-83012360EFF1} = {D04F8F52-6F85-4B69-ACCE-0F4068918F3C}
		{6548B828-7239-4065-8EAC-7D5223F7801D} = {D04F8F52-6F85-4B69-ACCE-0F4068918F3C}
		{366C825E-66D3-4F54-AA93-CD619A407271} = {1C704C1C-0F1A-4FE9-B4A0-43DE2B538B1B}
	EndGlobalSection
EndGlobal
